
Microsoft Visual Studio Solution File, Format Version 12.00
# Visual Studio Version 17
VisualStudioVersion = 17.0.31825.309
MinimumVisualStudioVersion = 10.0.40219.1
Project("{9A19103F-16F7-4668-BE54-9A1E7A4F7556}") = "TrafficCourts.Common", "Common\TrafficCourts.Common.csproj", "{AE7E7ABC-33D7-43CD-8FEB-9E6A04BAE46E}"
EndProject
Project("{9A19103F-16F7-4668-BE54-9A1E7A4F7556}") = "TrafficCourts.Messaging", "Messaging\TrafficCourts.Messaging.csproj", "{926C4FF9-8876-4FA5-ACC8-AE509F587A0B}"
EndProject
Project("{9A19103F-16F7-4668-BE54-9A1E7A4F7556}") = "TrafficCourts.Citizen.Service", "Citizen.Service\TrafficCourts.Citizen.Service.csproj", "{567B4C3E-1BFF-4CBE-9B0A-1D89CCA4F67E}"
EndProject
Project("{9A19103F-16F7-4668-BE54-9A1E7A4F7556}") = "TrafficCourts.Test", "Test\TrafficCourts.Test.csproj", "{CFDE39FC-1A64-4AC7-B3EB-0EBBB5E6BB3B}"
EndProject
Project("{2150E333-8FDC-42A3-9474-1A3956D46DE8}") = "Test", "Test", "{7B716295-C23B-4849-B1B9-0BBF9800D8E9}"
EndProject
Project("{9A19103F-16F7-4668-BE54-9A1E7A4F7556}") = "TrafficCourts.Workflow.Service", "Workflow.Service\TrafficCourts.Workflow.Service.csproj", "{9B1ABBE6-249B-4AB4-8AE2-48FBAEDEB8AE}"
EndProject
Project("{9A19103F-16F7-4668-BE54-9A1E7A4F7556}") = "TrafficCourts.Arc.Dispute.Service", "TrafficCourts.Arc.Dispute.Service\TrafficCourts.Arc.Dispute.Service.csproj", "{58705BA7-9770-426E-A0D2-A98BEBAB9F55}"
EndProject
Project("{9A19103F-16F7-4668-BE54-9A1E7A4F7556}") = "TrafficCourts.Common.Test", "TrafficCourts.Common.Test\TrafficCourts.Common.Test.csproj", "{126D6955-0CF2-4133-BBA4-A882B4B74A99}"
EndProject
Project("{2150E333-8FDC-42A3-9474-1A3956D46DE8}") = "Solution Items", "Solution Items", "{EA8F24E3-1C87-4107-A134-F9A5F1392C0F}"
EndProject
Project("{9A19103F-16F7-4668-BE54-9A1E7A4F7556}") = "TrafficCourts.Staff.Service", "Staff.Service\TrafficCourts.Staff.Service.csproj", "{A737631C-30E2-4E94-BF1A-C6E71519049B}"
EndProject
Project("{9A19103F-16F7-4668-BE54-9A1E7A4F7556}") = "TrafficCourts.Staff.Service.Test", "TrafficCourts.Staff.Service.Test\TrafficCourts.Staff.Service.Test.csproj", "{2CDFC031-9DBC-4DFC-BF20-1049861990E1}"
EndProject
Project("{9A19103F-16F7-4668-BE54-9A1E7A4F7556}") = "TrafficCourts.Arc.Dispute.Client", "TrafficCourts.Arc.Dispute.Client\TrafficCourts.Arc.Dispute.Client.csproj", "{72485412-B06B-4F6F-8CD1-BDD5A5943D73}"
EndProject
Project("{9A19103F-16F7-4668-BE54-9A1E7A4F7556}") = "TrafficCourts.Arc.Dispute.Client.Test", "TrafficCourts.Arc.Dispute.Client.Test\TrafficCourts.Arc.Dispute.Client.Test.csproj", "{C47E6A15-631D-4188-AFF7-F152B3770D4F}"
EndProject
Project("{9A19103F-16F7-4668-BE54-9A1E7A4F7556}") = "TrafficCourts.Coms.Client", "TrafficCourts.Coms.Client\TrafficCourts.Coms.Client.csproj", "{138CD541-21E6-468B-A119-238AD93669FB}"
EndProject
Project("{9A19103F-16F7-4668-BE54-9A1E7A4F7556}") = "TrafficCourts.Coms.Client.Test", "TrafficCourts.Coms.Client.Test\TrafficCourts.Coms.Client.Test.csproj", "{DAA51355-B569-4C84-AAED-18C9FEFEF5CB}"
EndProject
Global
	GlobalSection(SolutionConfigurationPlatforms) = preSolution
		Debug|Any CPU = Debug|Any CPU
		Release|Any CPU = Release|Any CPU
	EndGlobalSection
	GlobalSection(ProjectConfigurationPlatforms) = postSolution
		{AE7E7ABC-33D7-43CD-8FEB-9E6A04BAE46E}.Debug|Any CPU.ActiveCfg = Debug|Any CPU
		{AE7E7ABC-33D7-43CD-8FEB-9E6A04BAE46E}.Debug|Any CPU.Build.0 = Debug|Any CPU
		{AE7E7ABC-33D7-43CD-8FEB-9E6A04BAE46E}.Release|Any CPU.ActiveCfg = Release|Any CPU
		{AE7E7ABC-33D7-43CD-8FEB-9E6A04BAE46E}.Release|Any CPU.Build.0 = Release|Any CPU
		{926C4FF9-8876-4FA5-ACC8-AE509F587A0B}.Debug|Any CPU.ActiveCfg = Debug|Any CPU
		{926C4FF9-8876-4FA5-ACC8-AE509F587A0B}.Debug|Any CPU.Build.0 = Debug|Any CPU
		{926C4FF9-8876-4FA5-ACC8-AE509F587A0B}.Release|Any CPU.ActiveCfg = Release|Any CPU
		{926C4FF9-8876-4FA5-ACC8-AE509F587A0B}.Release|Any CPU.Build.0 = Release|Any CPU
		{567B4C3E-1BFF-4CBE-9B0A-1D89CCA4F67E}.Debug|Any CPU.ActiveCfg = Debug|Any CPU
		{567B4C3E-1BFF-4CBE-9B0A-1D89CCA4F67E}.Debug|Any CPU.Build.0 = Debug|Any CPU
		{567B4C3E-1BFF-4CBE-9B0A-1D89CCA4F67E}.Release|Any CPU.ActiveCfg = Release|Any CPU
		{567B4C3E-1BFF-4CBE-9B0A-1D89CCA4F67E}.Release|Any CPU.Build.0 = Release|Any CPU
		{CFDE39FC-1A64-4AC7-B3EB-0EBBB5E6BB3B}.Debug|Any CPU.ActiveCfg = Debug|Any CPU
		{CFDE39FC-1A64-4AC7-B3EB-0EBBB5E6BB3B}.Debug|Any CPU.Build.0 = Debug|Any CPU
		{CFDE39FC-1A64-4AC7-B3EB-0EBBB5E6BB3B}.Release|Any CPU.ActiveCfg = Release|Any CPU
		{CFDE39FC-1A64-4AC7-B3EB-0EBBB5E6BB3B}.Release|Any CPU.Build.0 = Release|Any CPU
		{9B1ABBE6-249B-4AB4-8AE2-48FBAEDEB8AE}.Debug|Any CPU.ActiveCfg = Debug|Any CPU
		{9B1ABBE6-249B-4AB4-8AE2-48FBAEDEB8AE}.Debug|Any CPU.Build.0 = Debug|Any CPU
		{9B1ABBE6-249B-4AB4-8AE2-48FBAEDEB8AE}.Release|Any CPU.ActiveCfg = Release|Any CPU
		{9B1ABBE6-249B-4AB4-8AE2-48FBAEDEB8AE}.Release|Any CPU.Build.0 = Release|Any CPU
		{58705BA7-9770-426E-A0D2-A98BEBAB9F55}.Debug|Any CPU.ActiveCfg = Debug|Any CPU
		{58705BA7-9770-426E-A0D2-A98BEBAB9F55}.Debug|Any CPU.Build.0 = Debug|Any CPU
		{58705BA7-9770-426E-A0D2-A98BEBAB9F55}.Release|Any CPU.ActiveCfg = Release|Any CPU
		{58705BA7-9770-426E-A0D2-A98BEBAB9F55}.Release|Any CPU.Build.0 = Release|Any CPU
		{126D6955-0CF2-4133-BBA4-A882B4B74A99}.Debug|Any CPU.ActiveCfg = Debug|Any CPU
		{126D6955-0CF2-4133-BBA4-A882B4B74A99}.Debug|Any CPU.Build.0 = Debug|Any CPU
		{126D6955-0CF2-4133-BBA4-A882B4B74A99}.Release|Any CPU.ActiveCfg = Release|Any CPU
		{126D6955-0CF2-4133-BBA4-A882B4B74A99}.Release|Any CPU.Build.0 = Release|Any CPU
		{A737631C-30E2-4E94-BF1A-C6E71519049B}.Debug|Any CPU.ActiveCfg = Debug|Any CPU
		{A737631C-30E2-4E94-BF1A-C6E71519049B}.Debug|Any CPU.Build.0 = Debug|Any CPU
		{A737631C-30E2-4E94-BF1A-C6E71519049B}.Release|Any CPU.ActiveCfg = Release|Any CPU
		{A737631C-30E2-4E94-BF1A-C6E71519049B}.Release|Any CPU.Build.0 = Release|Any CPU
		{2CDFC031-9DBC-4DFC-BF20-1049861990E1}.Debug|Any CPU.ActiveCfg = Debug|Any CPU
		{2CDFC031-9DBC-4DFC-BF20-1049861990E1}.Debug|Any CPU.Build.0 = Debug|Any CPU
		{2CDFC031-9DBC-4DFC-BF20-1049861990E1}.Release|Any CPU.ActiveCfg = Release|Any CPU
		{2CDFC031-9DBC-4DFC-BF20-1049861990E1}.Release|Any CPU.Build.0 = Release|Any CPU
		{72485412-B06B-4F6F-8CD1-BDD5A5943D73}.Debug|Any CPU.ActiveCfg = Debug|Any CPU
		{72485412-B06B-4F6F-8CD1-BDD5A5943D73}.Debug|Any CPU.Build.0 = Debug|Any CPU
		{72485412-B06B-4F6F-8CD1-BDD5A5943D73}.Release|Any CPU.ActiveCfg = Release|Any CPU
		{72485412-B06B-4F6F-8CD1-BDD5A5943D73}.Release|Any CPU.Build.0 = Release|Any CPU
		{C47E6A15-631D-4188-AFF7-F152B3770D4F}.Debug|Any CPU.ActiveCfg = Debug|Any CPU
		{C47E6A15-631D-4188-AFF7-F152B3770D4F}.Debug|Any CPU.Build.0 = Debug|Any CPU
		{C47E6A15-631D-4188-AFF7-F152B3770D4F}.Release|Any CPU.ActiveCfg = Release|Any CPU
		{C47E6A15-631D-4188-AFF7-F152B3770D4F}.Release|Any CPU.Build.0 = Release|Any CPU
		{138CD541-21E6-468B-A119-238AD93669FB}.Debug|Any CPU.ActiveCfg = Debug|Any CPU
		{138CD541-21E6-468B-A119-238AD93669FB}.Debug|Any CPU.Build.0 = Debug|Any CPU
		{138CD541-21E6-468B-A119-238AD93669FB}.Release|Any CPU.ActiveCfg = Release|Any CPU
		{138CD541-21E6-468B-A119-238AD93669FB}.Release|Any CPU.Build.0 = Release|Any CPU
		{DAA51355-B569-4C84-AAED-18C9FEFEF5CB}.Debug|Any CPU.ActiveCfg = Debug|Any CPU
		{DAA51355-B569-4C84-AAED-18C9FEFEF5CB}.Debug|Any CPU.Build.0 = Debug|Any CPU
		{DAA51355-B569-4C84-AAED-18C9FEFEF5CB}.Release|Any CPU.ActiveCfg = Release|Any CPU
		{DAA51355-B569-4C84-AAED-18C9FEFEF5CB}.Release|Any CPU.Build.0 = Release|Any CPU
	EndGlobalSection
	GlobalSection(SolutionProperties) = preSolution
		HideSolutionNode = FALSE
	EndGlobalSection
	GlobalSection(NestedProjects) = preSolution
		{CFDE39FC-1A64-4AC7-B3EB-0EBBB5E6BB3B} = {7B716295-C23B-4849-B1B9-0BBF9800D8E9}
		{126D6955-0CF2-4133-BBA4-A882B4B74A99} = {7B716295-C23B-4849-B1B9-0BBF9800D8E9}
		{2CDFC031-9DBC-4DFC-BF20-1049861990E1} = {7B716295-C23B-4849-B1B9-0BBF9800D8E9}
		{C47E6A15-631D-4188-AFF7-F152B3770D4F} = {7B716295-C23B-4849-B1B9-0BBF9800D8E9}
		{DAA51355-B569-4C84-AAED-18C9FEFEF5CB} = {7B716295-C23B-4849-B1B9-0BBF9800D8E9}
	EndGlobalSection
	GlobalSection(ExtensibilityGlobals) = postSolution
		SolutionGuid = {F53B0D46-E55D-4CE9-8617-6CD7FD73C49B}
	EndGlobalSection
EndGlobal
